
Microsoft Visual Studio Solution File, Format Version 12.00
# Visual Studio Version 17
VisualStudioVersion = 17.6.33829.357
MinimumVisualStudioVersion = 10.0.40219.1
Project("{FAE04EC0-301F-11D3-BF4B-00C04F79EFBC}") = "Task_1", "Task_1\Task_1.csproj", "{0FF4B306-FC31-456B-AC54-9C07E3F95336}"
EndProject
Project("{FAE04EC0-301F-11D3-BF4B-00C04F79EFBC}") = "Task_2", "Task_2\Task_2.csproj", "{2366EB5B-FEFB-4FE8-81BC-9FEA3FA2E3B2}"
EndProject
Project("{FAE04EC0-301F-11D3-BF4B-00C04F79EFBC}") = "Task_3", "Task_3\Task_3.csproj", "{072F23F4-B456-4253-BBC6-A7692C427E8C}"
EndProject
Global
	GlobalSection(SolutionConfigurationPlatforms) = preSolution
		Debug|Any CPU = Debug|Any CPU
		Release|Any CPU = Release|Any CPU
	EndGlobalSection
	GlobalSection(ProjectConfigurationPlatforms) = postSolution
		{0FF4B306-FC31-456B-AC54-9C07E3F95336}.Debug|Any CPU.ActiveCfg = Debug|Any CPU
		{0FF4B306-FC31-456B-AC54-9C07E3F95336}.Debug|Any CPU.Build.0 = Debug|Any CPU
		{0FF4B306-FC31-456B-AC54-9C07E3F95336}.Release|Any CPU.ActiveCfg = Release|Any CPU
		{0FF4B306-FC31-456B-AC54-9C07E3F95336}.Release|Any CPU.Build.0 = Release|Any CPU
		{2366EB5B-FEFB-4FE8-81BC-9FEA3FA2E3B2}.Debug|Any CPU.ActiveCfg = Debug|Any CPU
		{2366EB5B-FEFB-4FE8-81BC-9FEA3FA2E3B2}.Debug|Any CPU.Build.0 = Debug|Any CPU
		{2366EB5B-FEFB-4FE8-81BC-9FEA3FA2E3B2}.Release|Any CPU.ActiveCfg = Release|Any CPU
		{2366EB5B-FEFB-4FE8-81BC-9FEA3FA2E3B2}.Release|Any CPU.Build.0 = Release|Any CPU
		{072F23F4-B456-4253-BBC6-A7692C427E8C}.Debug|Any CPU.ActiveCfg = Debug|Any CPU
		{072F23F4-B456-4253-BBC6-A7692C427E8C}.Debug|Any CPU.Build.0 = Debug|Any CPU
		{072F23F4-B456-4253-BBC6-A7692C427E8C}.Release|Any CPU.ActiveCfg = Release|Any CPU
		{072F23F4-B456-4253-BBC6-A7692C427E8C}.Release|Any CPU.Build.0 = Release|Any CPU
	EndGlobalSection
	GlobalSection(SolutionProperties) = preSolution
		HideSolutionNode = FALSE
	EndGlobalSection
	GlobalSection(ExtensibilityGlobals) = postSolution
		SolutionGuid = {743CEC37-B97E-4462-B823-88E0796BC909}
	EndGlobalSection
EndGlobal
